
Microsoft Visual Studio Solution File, Format Version 12.00
# Visual Studio 2015
Project("{FAE04EC0-301F-11D3-BF4B-00C04F79EFBC}") = "Assembly-CSharp", "Assembly-CSharp.csproj", "{DD7CB094-0615-0D11-DCD5-2F17ADE3B1DE}"
EndProject
Project("{FAE04EC0-301F-11D3-BF4B-00C04F79EFBC}") = "Assembly-CSharp-firstpass", "Assembly-CSharp-firstpass.csproj", "{9ED61759-652C-56C8-EF1B-870125621B87}"
EndProject
Project("{FAE04EC0-301F-11D3-BF4B-00C04F79EFBC}") = "Assembly-CSharp-Editor-firstpass", "Assembly-CSharp-Editor-firstpass.csproj", "{F5411439-500C-277D-BAA6-5C21A0F4B325}"
EndProject
Global
	GlobalSection(SolutionConfigurationPlatforms) = preSolution
		Debug|Any CPU = Debug|Any CPU
		Release|Any CPU = Release|Any CPU
	EndGlobalSection
	GlobalSection(ProjectConfigurationPlatforms) = postSolution
		{DD7CB094-0615-0D11-DCD5-2F17ADE3B1DE}.Debug|Any CPU.ActiveCfg = Debug|Any CPU
		{DD7CB094-0615-0D11-DCD5-2F17ADE3B1DE}.Debug|Any CPU.Build.0 = Debug|Any CPU
		{DD7CB094-0615-0D11-DCD5-2F17ADE3B1DE}.Release|Any CPU.ActiveCfg = Release|Any CPU
		{DD7CB094-0615-0D11-DCD5-2F17ADE3B1DE}.Release|Any CPU.Build.0 = Release|Any CPU
		{9ED61759-652C-56C8-EF1B-870125621B87}.Debug|Any CPU.ActiveCfg = Debug|Any CPU
		{9ED61759-652C-56C8-EF1B-870125621B87}.Debug|Any CPU.Build.0 = Debug|Any CPU
		{9ED61759-652C-56C8-EF1B-870125621B87}.Release|Any CPU.ActiveCfg = Release|Any CPU
		{9ED61759-652C-56C8-EF1B-870125621B87}.Release|Any CPU.Build.0 = Release|Any CPU
		{F5411439-500C-277D-BAA6-5C21A0F4B325}.Debug|Any CPU.ActiveCfg = Debug|Any CPU
		{F5411439-500C-277D-BAA6-5C21A0F4B325}.Debug|Any CPU.Build.0 = Debug|Any CPU
		{F5411439-500C-277D-BAA6-5C21A0F4B325}.Release|Any CPU.ActiveCfg = Release|Any CPU
		{F5411439-500C-277D-BAA6-5C21A0F4B325}.Release|Any CPU.Build.0 = Release|Any CPU
	EndGlobalSection
	GlobalSection(SolutionProperties) = preSolution
		HideSolutionNode = FALSE
	EndGlobalSection
EndGlobal
